
Microsoft Visual Studio Solution File, Format Version 12.00
# Visual Studio Version 16
VisualStudioVersion = 16.0.30503.244
MinimumVisualStudioVersion = 10.0.40219.1
Project("{9A19103F-16F7-4668-BE54-9A1E7A4F7556}") = "CSharpEngine", "CSharpEngine\CSharpEngine.csproj", "{2DB52EDB-3E2F-474C-8E69-80807CD07AAB}"
EndProject
Project("{9A19103F-16F7-4668-BE54-9A1E7A4F7556}") = "Synthesizer", "Synthesizer\Synthesizer.csproj", "{A6E4EA0F-3B9C-4A84-A6BD-7D7F1C84D7C8}"
EndProject
Global
	GlobalSection(SolutionConfigurationPlatforms) = preSolution
		Debug|Any CPU = Debug|Any CPU
		Release|Any CPU = Release|Any CPU
	EndGlobalSection
	GlobalSection(ProjectConfigurationPlatforms) = postSolution
		{2DB52EDB-3E2F-474C-8E69-80807CD07AAB}.Debug|Any CPU.ActiveCfg = Debug|Any CPU
		{2DB52EDB-3E2F-474C-8E69-80807CD07AAB}.Debug|Any CPU.Build.0 = Debug|Any CPU
		{2DB52EDB-3E2F-474C-8E69-80807CD07AAB}.Release|Any CPU.ActiveCfg = Release|Any CPU
		{2DB52EDB-3E2F-474C-8E69-80807CD07AAB}.Release|Any CPU.Build.0 = Release|Any CPU
		{A6E4EA0F-3B9C-4A84-A6BD-7D7F1C84D7C8}.Debug|Any CPU.ActiveCfg = Debug|Any CPU
		{A6E4EA0F-3B9C-4A84-A6BD-7D7F1C84D7C8}.Debug|Any CPU.Build.0 = Debug|Any CPU
		{A6E4EA0F-3B9C-4A84-A6BD-7D7F1C84D7C8}.Release|Any CPU.ActiveCfg = Release|Any CPU
		{A6E4EA0F-3B9C-4A84-A6BD-7D7F1C84D7C8}.Release|Any CPU.Build.0 = Release|Any CPU
	EndGlobalSection
	GlobalSection(SolutionProperties) = preSolution
		HideSolutionNode = FALSE
	EndGlobalSection
	GlobalSection(ExtensibilityGlobals) = postSolution
		SolutionGuid = {16775CBA-4044-44C3-B663-59F08D65F2F8}
	EndGlobalSection
EndGlobal
